
Microsoft Visual Studio Solution File, Format Version 12.00
# Visual Studio Version 16
VisualStudioVersion = 16.0.30225.117
MinimumVisualStudioVersion = 10.0.40219.1
Project("{FAE04EC0-301F-11D3-BF4B-00C04F79EFBC}") = "DomaMebelSite", "DomaMebelSite\DomaMebelSite.csproj", "{9EDD50E0-A972-4802-8E45-AF5E3BA4CED2}"
EndProject
Global
	GlobalSection(SolutionConfigurationPlatforms) = preSolution
		Debug|Any CPU = Debug|Any CPU
		Release|Any CPU = Release|Any CPU
	EndGlobalSection
	GlobalSection(ProjectConfigurationPlatforms) = postSolution
		{9EDD50E0-A972-4802-8E45-AF5E3BA4CED2}.Debug|Any CPU.ActiveCfg = Debug|Any CPU
		{9EDD50E0-A972-4802-8E45-AF5E3BA4CED2}.Debug|Any CPU.Build.0 = Debug|Any CPU
		{9EDD50E0-A972-4802-8E45-AF5E3BA4CED2}.Release|Any CPU.ActiveCfg = Release|Any CPU
		{9EDD50E0-A972-4802-8E45-AF5E3BA4CED2}.Release|Any CPU.Build.0 = Release|Any CPU
	EndGlobalSection
	GlobalSection(SolutionProperties) = preSolution
		HideSolutionNode = FALSE
	EndGlobalSection
	GlobalSection(ExtensibilityGlobals) = postSolution
		SolutionGuid = {5D10FE86-4BCF-42A1-9AFE-3CD0FC1EAB48}
	EndGlobalSection
EndGlobal
